{
  "name": "netlify-local-plugins",
  "version": "1.0.0",
  "lockfileVersion": 3,
  "requires": true,
  "packages": {
    "": {
      "name": "netlify-local-plugins",
      "version": "1.0.0",
      "license": "MIT",
      "dependencies": {
        "@netlify/plugin-nextjs": "5.10.7"
      }
    },
    "node_modules/@netlify/plugin-nextjs": {
      "version": "5.10.7",
      "resolved": "https://registry.npmjs.org/@netlify/plugin-nextjs/-/plugin-nextjs-5.10.7.tgz",
      "integrity": "sha512-UZ0D6MKMV+7toNTeiki96YDcxwR/2lddW9zJQh4n62o564S/D2r5w46UTE0DcCY7Jtw7WGVOy1VtB3ws2gKW0A==",
      "engines": {
        "node": ">=18.0.0"
      }
    }
  }
}
